
Microsoft Visual Studio Solution File, Format Version 12.00
# Visual Studio Version 16
VisualStudioVersion = 16.0.30011.22
MinimumVisualStudioVersion = 10.0.40219.1
Project("{FAE04EC0-301F-11D3-BF4B-00C04F79EFBC}") = "HIS", "HIS\HIS.csproj", "{73A07FCA-F4E9-4FE2-ABC2-2E54C048F6B8}"
EndProject
Project("{2150E333-8FDC-42A3-9474-1A3956D46DE8}") = "登录", "登录", "{694B762B-E53E-4BF6-9332-71B4148B5543}"
EndProject
Project("{2150E333-8FDC-42A3-9474-1A3956D46DE8}") = "门诊挂号", "门诊挂号", "{72559069-E352-4969-9CE6-F3F2E83B6D67}"
EndProject
Project("{2150E333-8FDC-42A3-9474-1A3956D46DE8}") = "医生工作站", "医生工作站", "{74F91C68-2933-460C-B01C-D7C71EC7DFC3}"
EndProject
Project("{2150E333-8FDC-42A3-9474-1A3956D46DE8}") = "药房", "药房", "{DB2D0AB9-627B-4804-8645-FFA31219CA01}"
EndProject
Project("{2150E333-8FDC-42A3-9474-1A3956D46DE8}") = "门诊收费", "门诊收费", "{B9E564FD-1021-40C8-AFDB-9CA719B1F000}"
EndProject
Project("{FAE04EC0-301F-11D3-BF4B-00C04F79EFBC}") = "LogicUI", "登录\LogicUI\LogicUI.csproj", "{EE553359-01CF-4EFA-B7C2-73583095C6CA}"
EndProject
Project("{FAE04EC0-301F-11D3-BF4B-00C04F79EFBC}") = "LogicBLL", "登录\LogicBLL\LogicBLL.csproj", "{C78D4823-E830-4F6F-8C6A-F3FA2AB08B2F}"
EndProject
Project("{FAE04EC0-301F-11D3-BF4B-00C04F79EFBC}") = "ChargesUI", "门诊收费\ChargesUI\ChargesUI.csproj", "{96D0B305-1031-4380-B73B-6A3B5003D4CD}"
EndProject
Project("{FAE04EC0-301F-11D3-BF4B-00C04F79EFBC}") = "ChargesBLL", "门诊收费\ChargesBLL\ChargesBLL.csproj", "{66249206-7ED7-4D49-B4C2-4A16177ED0CB}"
EndProject
Project("{FAE04EC0-301F-11D3-BF4B-00C04F79EFBC}") = "RegisteredUI", "门诊挂号\RegisteredUI\RegisteredUI.csproj", "{DB0CEBCD-F37A-4221-B1A2-0F845307333C}"
EndProject
Project("{FAE04EC0-301F-11D3-BF4B-00C04F79EFBC}") = "RegisteredBLL", "门诊挂号\RegisteredBLL\RegisteredBLL.csproj", "{72AB3E21-6C17-456B-B907-B51C5D3C516E}"
EndProject
Project("{FAE04EC0-301F-11D3-BF4B-00C04F79EFBC}") = "PharmacyUI", "药房\PharmacyUI\PharmacyUI.csproj", "{F218494E-93E6-4067-8823-6A5EA8F6D586}"
EndProject
Project("{FAE04EC0-301F-11D3-BF4B-00C04F79EFBC}") = "PharmacyBLL", "药房\PharmacyBLL\PharmacyBLL.csproj", "{95297AC7-8251-4F9F-A25A-3EA9A50D513B}"
EndProject
Project("{FAE04EC0-301F-11D3-BF4B-00C04F79EFBC}") = "DoctorWorkstationUI", "医生工作站\DoctorWorkstationUI\DoctorWorkstationUI.csproj", "{A57810C3-4D1F-47ED-95BA-7CC44AEF0FC2}"
EndProject
Project("{FAE04EC0-301F-11D3-BF4B-00C04F79EFBC}") = "DoctorWorkstationBLL", "医生工作站\DoctorWorkstationBLL\DoctorWorkstationBLL.csproj", "{0648F494-7876-41B0-808F-982C4ED48D17}"
EndProject
Project("{FAE04EC0-301F-11D3-BF4B-00C04F79EFBC}") = "LogicMODEL", "登录\LogicMODEL\LogicMODEL.csproj", "{A80F2396-D152-40D2-833F-15BDC814EDAD}"
EndProject
Project("{FAE04EC0-301F-11D3-BF4B-00C04F79EFBC}") = "RegisteredMODEL", "门诊挂号\RegisteredMODEL\RegisteredMODEL.csproj", "{4B66518C-EA81-452B-8AB8-EC57037378A2}"
EndProject
Project("{FAE04EC0-301F-11D3-BF4B-00C04F79EFBC}") = "ChargesMODEL", "门诊收费\ChargesMODEL\ChargesMODEL.csproj", "{30809E70-86C1-4250-985A-E49628D577E1}"
EndProject
Project("{FAE04EC0-301F-11D3-BF4B-00C04F79EFBC}") = "PharmacyMODEL", "药房\PharmacyMODEL\PharmacyMODEL.csproj", "{D72A6703-6BD0-4C96-A7C2-1C460A177BA7}"
EndProject
Project("{FAE04EC0-301F-11D3-BF4B-00C04F79EFBC}") = "DoctorWorkstationMODEL", "医生工作站\DoctorWorkstationMODEL\DoctorWorkstationMODEL.csproj", "{5F3AD47B-7863-4DE0-B8BD-7DD4FF076ED1}"
EndProject
Project("{FAE04EC0-301F-11D3-BF4B-00C04F79EFBC}") = "IDAL", "IDAL\IDAL.csproj", "{02D0945E-92E4-4BA3-9748-E9DD73B31E12}"
EndProject
Project("{FAE04EC0-301F-11D3-BF4B-00C04F79EFBC}") = "DAL", "DAL\DAL.csproj", "{9AFBAA7E-F2CF-454E-AF24-AE43442B9C7A}"
EndProject
Project("{2150E333-8FDC-42A3-9474-1A3956D46DE8}") = "用户管理", "用户管理", "{77F739F0-0957-4C4D-A66B-96419B36BBE3}"
EndProject
Project("{FAE04EC0-301F-11D3-BF4B-00C04F79EFBC}") = "UserManageBLL", "用户管理\UserManageBLL\UserManageBLL.csproj", "{016C6EEB-12A9-476B-87FF-2429D5D023E2}"
EndProject
Project("{FAE04EC0-301F-11D3-BF4B-00C04F79EFBC}") = "UserManageUI", "用户管理\UserManageUI\UserManageUI.csproj", "{E0981ABA-6B8C-4D2A-9702-D847222D1AE0}"
EndProject
Project("{FAE04EC0-301F-11D3-BF4B-00C04F79EFBC}") = "UserManageMODEL", "用户管理\UserManageMODEL\UserManageMODEL.csproj", "{3C87E518-728C-4FA5-B85B-BB7B519A42B7}"
EndProject
Global
	GlobalSection(SolutionConfigurationPlatforms) = preSolution
		Debug|Any CPU = Debug|Any CPU
		Release|Any CPU = Release|Any CPU
	EndGlobalSection
	GlobalSection(ProjectConfigurationPlatforms) = postSolution
		{73A07FCA-F4E9-4FE2-ABC2-2E54C048F6B8}.Debug|Any CPU.ActiveCfg = Debug|Any CPU
		{73A07FCA-F4E9-4FE2-ABC2-2E54C048F6B8}.Debug|Any CPU.Build.0 = Debug|Any CPU
		{73A07FCA-F4E9-4FE2-ABC2-2E54C048F6B8}.Release|Any CPU.ActiveCfg = Release|Any CPU
		{73A07FCA-F4E9-4FE2-ABC2-2E54C048F6B8}.Release|Any CPU.Build.0 = Release|Any CPU
		{EE553359-01CF-4EFA-B7C2-73583095C6CA}.Debug|Any CPU.ActiveCfg = Debug|Any CPU
		{EE553359-01CF-4EFA-B7C2-73583095C6CA}.Debug|Any CPU.Build.0 = Debug|Any CPU
		{EE553359-01CF-4EFA-B7C2-73583095C6CA}.Release|Any CPU.ActiveCfg = Release|Any CPU
		{EE553359-01CF-4EFA-B7C2-73583095C6CA}.Release|Any CPU.Build.0 = Release|Any CPU
		{C78D4823-E830-4F6F-8C6A-F3FA2AB08B2F}.Debug|Any CPU.ActiveCfg = Debug|Any CPU
		{C78D4823-E830-4F6F-8C6A-F3FA2AB08B2F}.Debug|Any CPU.Build.0 = Debug|Any CPU
		{C78D4823-E830-4F6F-8C6A-F3FA2AB08B2F}.Release|Any CPU.ActiveCfg = Release|Any CPU
		{C78D4823-E830-4F6F-8C6A-F3FA2AB08B2F}.Release|Any CPU.Build.0 = Release|Any CPU
		{96D0B305-1031-4380-B73B-6A3B5003D4CD}.Debug|Any CPU.ActiveCfg = Debug|Any CPU
		{96D0B305-1031-4380-B73B-6A3B5003D4CD}.Debug|Any CPU.Build.0 = Debug|Any CPU
		{96D0B305-1031-4380-B73B-6A3B5003D4CD}.Release|Any CPU.ActiveCfg = Release|Any CPU
		{96D0B305-1031-4380-B73B-6A3B5003D4CD}.Release|Any CPU.Build.0 = Release|Any CPU
		{66249206-7ED7-4D49-B4C2-4A16177ED0CB}.Debug|Any CPU.ActiveCfg = Debug|Any CPU
		{66249206-7ED7-4D49-B4C2-4A16177ED0CB}.Debug|Any CPU.Build.0 = Debug|Any CPU
		{66249206-7ED7-4D49-B4C2-4A16177ED0CB}.Release|Any CPU.ActiveCfg = Release|Any CPU
		{66249206-7ED7-4D49-B4C2-4A16177ED0CB}.Release|Any CPU.Build.0 = Release|Any CPU
		{DB0CEBCD-F37A-4221-B1A2-0F845307333C}.Debug|Any CPU.ActiveCfg = Debug|Any CPU
		{DB0CEBCD-F37A-4221-B1A2-0F845307333C}.Debug|Any CPU.Build.0 = Debug|Any CPU
		{DB0CEBCD-F37A-4221-B1A2-0F845307333C}.Release|Any CPU.ActiveCfg = Release|Any CPU
		{DB0CEBCD-F37A-4221-B1A2-0F845307333C}.Release|Any CPU.Build.0 = Release|Any CPU
		{72AB3E21-6C17-456B-B907-B51C5D3C516E}.Debug|Any CPU.ActiveCfg = Debug|Any CPU
		{72AB3E21-6C17-456B-B907-B51C5D3C516E}.Debug|Any CPU.Build.0 = Debug|Any CPU
		{72AB3E21-6C17-456B-B907-B51C5D3C516E}.Release|Any CPU.ActiveCfg = Release|Any CPU
		{72AB3E21-6C17-456B-B907-B51C5D3C516E}.Release|Any CPU.Build.0 = Release|Any CPU
		{F218494E-93E6-4067-8823-6A5EA8F6D586}.Debug|Any CPU.ActiveCfg = Debug|Any CPU
		{F218494E-93E6-4067-8823-6A5EA8F6D586}.Debug|Any CPU.Build.0 = Debug|Any CPU
		{F218494E-93E6-4067-8823-6A5EA8F6D586}.Release|Any CPU.ActiveCfg = Release|Any CPU
		{F218494E-93E6-4067-8823-6A5EA8F6D586}.Release|Any CPU.Build.0 = Release|Any CPU
		{95297AC7-8251-4F9F-A25A-3EA9A50D513B}.Debug|Any CPU.ActiveCfg = Debug|Any CPU
		{95297AC7-8251-4F9F-A25A-3EA9A50D513B}.Debug|Any CPU.Build.0 = Debug|Any CPU
		{95297AC7-8251-4F9F-A25A-3EA9A50D513B}.Release|Any CPU.ActiveCfg = Release|Any CPU
		{95297AC7-8251-4F9F-A25A-3EA9A50D513B}.Release|Any CPU.Build.0 = Release|Any CPU
		{A57810C3-4D1F-47ED-95BA-7CC44AEF0FC2}.Debug|Any CPU.ActiveCfg = Debug|Any CPU
		{A57810C3-4D1F-47ED-95BA-7CC44AEF0FC2}.Debug|Any CPU.Build.0 = Debug|Any CPU
		{A57810C3-4D1F-47ED-95BA-7CC44AEF0FC2}.Release|Any CPU.ActiveCfg = Release|Any CPU
		{A57810C3-4D1F-47ED-95BA-7CC44AEF0FC2}.Release|Any CPU.Build.0 = Release|Any CPU
		{0648F494-7876-41B0-808F-982C4ED48D17}.Debug|Any CPU.ActiveCfg = Debug|Any CPU
		{0648F494-7876-41B0-808F-982C4ED48D17}.Debug|Any CPU.Build.0 = Debug|Any CPU
		{0648F494-7876-41B0-808F-982C4ED48D17}.Release|Any CPU.ActiveCfg = Release|Any CPU
		{0648F494-7876-41B0-808F-982C4ED48D17}.Release|Any CPU.Build.0 = Release|Any CPU
		{A80F2396-D152-40D2-833F-15BDC814EDAD}.Debug|Any CPU.ActiveCfg = Debug|Any CPU
		{A80F2396-D152-40D2-833F-15BDC814EDAD}.Debug|Any CPU.Build.0 = Debug|Any CPU
		{A80F2396-D152-40D2-833F-15BDC814EDAD}.Release|Any CPU.ActiveCfg = Release|Any CPU
		{A80F2396-D152-40D2-833F-15BDC814EDAD}.Release|Any CPU.Build.0 = Release|Any CPU
		{4B66518C-EA81-452B-8AB8-EC57037378A2}.Debug|Any CPU.ActiveCfg = Debug|Any CPU
		{4B66518C-EA81-452B-8AB8-EC57037378A2}.Debug|Any CPU.Build.0 = Debug|Any CPU
		{4B66518C-EA81-452B-8AB8-EC57037378A2}.Release|Any CPU.ActiveCfg = Release|Any CPU
		{4B66518C-EA81-452B-8AB8-EC57037378A2}.Release|Any CPU.Build.0 = Release|Any CPU
		{30809E70-86C1-4250-985A-E49628D577E1}.Debug|Any CPU.ActiveCfg = Debug|Any CPU
		{30809E70-86C1-4250-985A-E49628D577E1}.Debug|Any CPU.Build.0 = Debug|Any CPU
		{30809E70-86C1-4250-985A-E49628D577E1}.Release|Any CPU.ActiveCfg = Release|Any CPU
		{30809E70-86C1-4250-985A-E49628D577E1}.Release|Any CPU.Build.0 = Release|Any CPU
		{D72A6703-6BD0-4C96-A7C2-1C460A177BA7}.Debug|Any CPU.ActiveCfg = Debug|Any CPU
		{D72A6703-6BD0-4C96-A7C2-1C460A177BA7}.Debug|Any CPU.Build.0 = Debug|Any CPU
		{D72A6703-6BD0-4C96-A7C2-1C460A177BA7}.Release|Any CPU.ActiveCfg = Release|Any CPU
		{D72A6703-6BD0-4C96-A7C2-1C460A177BA7}.Release|Any CPU.Build.0 = Release|Any CPU
		{5F3AD47B-7863-4DE0-B8BD-7DD4FF076ED1}.Debug|Any CPU.ActiveCfg = Debug|Any CPU
		{5F3AD47B-7863-4DE0-B8BD-7DD4FF076ED1}.Debug|Any CPU.Build.0 = Debug|Any CPU
		{5F3AD47B-7863-4DE0-B8BD-7DD4FF076ED1}.Release|Any CPU.ActiveCfg = Release|Any CPU
		{5F3AD47B-7863-4DE0-B8BD-7DD4FF076ED1}.Release|Any CPU.Build.0 = Release|Any CPU
		{02D0945E-92E4-4BA3-9748-E9DD73B31E12}.Debug|Any CPU.ActiveCfg = Debug|Any CPU
		{02D0945E-92E4-4BA3-9748-E9DD73B31E12}.Debug|Any CPU.Build.0 = Debug|Any CPU
		{02D0945E-92E4-4BA3-9748-E9DD73B31E12}.Release|Any CPU.ActiveCfg = Release|Any CPU
		{02D0945E-92E4-4BA3-9748-E9DD73B31E12}.Release|Any CPU.Build.0 = Release|Any CPU
		{9AFBAA7E-F2CF-454E-AF24-AE43442B9C7A}.Debug|Any CPU.ActiveCfg = Debug|Any CPU
		{9AFBAA7E-F2CF-454E-AF24-AE43442B9C7A}.Debug|Any CPU.Build.0 = Debug|Any CPU
		{9AFBAA7E-F2CF-454E-AF24-AE43442B9C7A}.Release|Any CPU.ActiveCfg = Release|Any CPU
		{9AFBAA7E-F2CF-454E-AF24-AE43442B9C7A}.Release|Any CPU.Build.0 = Release|Any CPU
		{016C6EEB-12A9-476B-87FF-2429D5D023E2}.Debug|Any CPU.ActiveCfg = Debug|Any CPU
		{016C6EEB-12A9-476B-87FF-2429D5D023E2}.Debug|Any CPU.Build.0 = Debug|Any CPU
		{016C6EEB-12A9-476B-87FF-2429D5D023E2}.Release|Any CPU.ActiveCfg = Release|Any CPU
		{016C6EEB-12A9-476B-87FF-2429D5D023E2}.Release|Any CPU.Build.0 = Release|Any CPU
		{E0981ABA-6B8C-4D2A-9702-D847222D1AE0}.Debug|Any CPU.ActiveCfg = Debug|Any CPU
		{E0981ABA-6B8C-4D2A-9702-D847222D1AE0}.Debug|Any CPU.Build.0 = Debug|Any CPU
		{E0981ABA-6B8C-4D2A-9702-D847222D1AE0}.Release|Any CPU.ActiveCfg = Release|Any CPU
		{E0981ABA-6B8C-4D2A-9702-D847222D1AE0}.Release|Any CPU.Build.0 = Release|Any CPU
		{3C87E518-728C-4FA5-B85B-BB7B519A42B7}.Debug|Any CPU.ActiveCfg = Debug|Any CPU
		{3C87E518-728C-4FA5-B85B-BB7B519A42B7}.Debug|Any CPU.Build.0 = Debug|Any CPU
		{3C87E518-728C-4FA5-B85B-BB7B519A42B7}.Release|Any CPU.ActiveCfg = Release|Any CPU
		{3C87E518-728C-4FA5-B85B-BB7B519A42B7}.Release|Any CPU.Build.0 = Release|Any CPU
	EndGlobalSection
	GlobalSection(SolutionProperties) = preSolution
		HideSolutionNode = FALSE
	EndGlobalSection
	GlobalSection(NestedProjects) = preSolution
		{EE553359-01CF-4EFA-B7C2-73583095C6CA} = {694B762B-E53E-4BF6-9332-71B4148B5543}
		{C78D4823-E830-4F6F-8C6A-F3FA2AB08B2F} = {694B762B-E53E-4BF6-9332-71B4148B5543}
		{96D0B305-1031-4380-B73B-6A3B5003D4CD} = {B9E564FD-1021-40C8-AFDB-9CA719B1F000}
		{66249206-7ED7-4D49-B4C2-4A16177ED0CB} = {B9E564FD-1021-40C8-AFDB-9CA719B1F000}
		{DB0CEBCD-F37A-4221-B1A2-0F845307333C} = {72559069-E352-4969-9CE6-F3F2E83B6D67}
		{72AB3E21-6C17-456B-B907-B51C5D3C516E} = {72559069-E352-4969-9CE6-F3F2E83B6D67}
		{F218494E-93E6-4067-8823-6A5EA8F6D586} = {DB2D0AB9-627B-4804-8645-FFA31219CA01}
		{95297AC7-8251-4F9F-A25A-3EA9A50D513B} = {DB2D0AB9-627B-4804-8645-FFA31219CA01}
		{A57810C3-4D1F-47ED-95BA-7CC44AEF0FC2} = {74F91C68-2933-460C-B01C-D7C71EC7DFC3}
		{0648F494-7876-41B0-808F-982C4ED48D17} = {74F91C68-2933-460C-B01C-D7C71EC7DFC3}
		{A80F2396-D152-40D2-833F-15BDC814EDAD} = {694B762B-E53E-4BF6-9332-71B4148B5543}
		{4B66518C-EA81-452B-8AB8-EC57037378A2} = {72559069-E352-4969-9CE6-F3F2E83B6D67}
		{30809E70-86C1-4250-985A-E49628D577E1} = {B9E564FD-1021-40C8-AFDB-9CA719B1F000}
		{D72A6703-6BD0-4C96-A7C2-1C460A177BA7} = {DB2D0AB9-627B-4804-8645-FFA31219CA01}
		{5F3AD47B-7863-4DE0-B8BD-7DD4FF076ED1} = {74F91C68-2933-460C-B01C-D7C71EC7DFC3}
		{016C6EEB-12A9-476B-87FF-2429D5D023E2} = {77F739F0-0957-4C4D-A66B-96419B36BBE3}
		{E0981ABA-6B8C-4D2A-9702-D847222D1AE0} = {77F739F0-0957-4C4D-A66B-96419B36BBE3}
		{3C87E518-728C-4FA5-B85B-BB7B519A42B7} = {77F739F0-0957-4C4D-A66B-96419B36BBE3}
	EndGlobalSection
	GlobalSection(ExtensibilityGlobals) = postSolution
		SolutionGuid = {C94CD407-F01B-4369-B723-370F800DF4B6}
	EndGlobalSection
EndGlobal
